// !$*UTF8*$!
{
	archiveVersion = 1;
	classes = {
	};
	objectVersion = 46;
	objects = {

/* Begin PBXBuildFile section */
		55B5EDFE1C5DC43C00A7987B /* AppDelegate.swift in Sources */ = {isa = PBXBuildFile; fileRef = 55B5EDFD1C5DC43C00A7987B /* AppDelegate.swift */; };
		55B5EE001C5DC43C00A7987B /* ViewController.swift in Sources */ = {isa = PBXBuildFile; fileRef = 55B5EDFF1C5DC43C00A7987B /* ViewController.swift */; };
		55B5EE031C5DC43C00A7987B /* Main.storyboard in Resources */ = {isa = PBXBuildFile; fileRef = 55B5EE011C5DC43C00A7987B /* Main.storyboard */; };
		55B5EE061C5DC43C00A7987B /* HealthKitTesting.xcdatamodeld in Sources */ = {isa = PBXBuildFile; fileRef = 55B5EE041C5DC43C00A7987B /* HealthKitTesting.xcdatamodeld */; };
		55B5EE081C5DC43C00A7987B /* Assets.xcassets in Resources */ = {isa = PBXBuildFile; fileRef = 55B5EE071C5DC43C00A7987B /* Assets.xcassets */; };
		55B5EE0B1C5DC43C00A7987B /* LaunchScreen.storyboard in Resources */ = {isa = PBXBuildFile; fileRef = 55B5EE091C5DC43C00A7987B /* LaunchScreen.storyboard */; };
		55B5EE161C5DC43C00A7987B /* HealthKitTestingTests.swift in Sources */ = {isa = PBXBuildFile; fileRef = 55B5EE151C5DC43C00A7987B /* HealthKitTestingTests.swift */; };
		55B5EE211C5DC43C00A7987B /* HealthKitTestingUITests.swift in Sources */ = {isa = PBXBuildFile; fileRef = 55B5EE201C5DC43C00A7987B /* HealthKitTestingUITests.swift */; };
/* End PBXBuildFile section */

/* Begin PBXContainerItemProxy section */
		55B5EE121C5DC43C00A7987B /* PBXContainerItemProxy */ = {
			isa = PBXContainerItemProxy;
			containerPortal = 55B5EDF21C5DC43C00A7987B /* Project object */;
			proxyType = 1;
			remoteGlobalIDString = 55B5EDF91C5DC43C00A7987B;
			remoteInfo = HealthKitTesting;
		};
		55B5EE1D1C5DC43C00A7987B /* PBXContainerItemProxy */ = {
			isa = PBXContainerItemProxy;
			containerPortal = 55B5EDF21C5DC43C00A7987B /* Project object */;
			proxyType = 1;
			remoteGlobalIDString = 55B5EDF91C5DC43C00A7987B;
			remoteInfo = HealthKitTesting;
		};
/* End PBXContainerItemProxy section */

/* Begin PBXFileReference section */
		55B5EDFA1C5DC43C00A7987B /* HealthKitTesting.app */ = {isa = PBXFileReference; explicitFileType = wrapper.application; includeInIndex = 0; path = HealthKitTesting.app; sourceTree = BUILT_PRODUCTS_DIR; };
		55B5EDFD1C5DC43C00A7987B /* AppDelegate.swift */ = {isa = PBXFileReference; lastKnownFileType = sourcecode.swift; path = AppDelegate.swift; sourceTree = "<group>"; };
		55B5EDFF1C5DC43C00A7987B /* ViewController.swift */ = {isa = PBXFileReference; lastKnownFileType = sourcecode.swift; path = ViewController.swift; sourceTree = "<group>"; };
		55B5EE021C5DC43C00A7987B /* Base */ = {isa = PBXFileReference; lastKnownFileType = file.storyboard; name = Base; path = Base.lproj/Main.storyboard; sourceTree = "<group>"; };
		55B5EE051C5DC43C00A7987B /* HealthKitTesting.xcdatamodel */ = {isa = PBXFileReference; lastKnownFileType = wrapper.xcdatamodel; path = HealthKitTesting.xcdatamodel; sourceTree = "<group>"; };
		55B5EE071C5DC43C00A7987B /* Assets.xcassets */ = {isa = PBXFileReference; lastKnownFileType = folder.assetcatalog; path = Assets.xcassets; sourceTree = "<group>"; };
		55B5EE0A1C5DC43C00A7987B /* Base */ = {isa = PBXFileReference; lastKnownFileType = file.storyboard; name = Base; path = Base.lproj/LaunchScreen.storyboard; sourceTree = "<group>"; };
		55B5EE0C1C5DC43C00A7987B /* Info.plist */ = {isa = PBXFileReference; lastKnownFileType = text.plist.xml; path = Info.plist; sourceTree = "<group>"; };
		55B5EE111C5DC43C00A7987B /* HealthKitTestingTests.xctest */ = {isa = PBXFileReference; explicitFileType = wrapper.cfbundle; includeInIndex = 0; path = HealthKitTestingTests.xctest; sourceTree = BUILT_PRODUCTS_DIR; };
		55B5EE151C5DC43C00A7987B /* HealthKitTestingTests.swift */ = {isa = PBXFileReference; lastKnownFileType = sourcecode.swift; path = HealthKitTestingTests.swift; sourceTree = "<group>"; };
		55B5EE171C5DC43C00A7987B /* Info.plist */ = {isa = PBXFileReference; lastKnownFileType = text.plist.xml; path = Info.plist; sourceTree = "<group>"; };
		55B5EE1C1C5DC43C00A7987B /* HealthKitTestingUITests.xctest */ = {isa = PBXFileReference; explicitFileType = wrapper.cfbundle; includeInIndex = 0; path = HealthKitTestingUITests.xctest; sourceTree = BUILT_PRODUCTS_DIR; };
		55B5EE201C5DC43C00A7987B /* HealthKitTestingUITests.swift */ = {isa = PBXFileReference; lastKnownFileType = sourcecode.swift; path = HealthKitTestingUITests.swift; sourceTree = "<group>"; };
		55B5EE221C5DC43C00A7987B /* Info.plist */ = {isa = PBXFileReference; lastKnownFileType = text.plist.xml; path = Info.plist; sourceTree = "<group>"; };
/* End PBXFileReference section */

/* Begin PBXFrameworksBuildPhase section */
		55B5EDF71C5DC43C00A7987B /* Frameworks */ = {
			isa = PBXFrameworksBuildPhase;
			buildActionMask = 2147483647;
			files = (
			);
			runOnlyForDeploymentPostprocessing = 0;
		};
		55B5EE0E1C5DC43C00A7987B /* Frameworks */ = {
			isa = PBXFrameworksBuildPhase;
			buildActionMask = 2147483647;
			files = (
			);
			runOnlyForDeploymentPostprocessing = 0;
		};
		55B5EE191C5DC43C00A7987B /* Frameworks */ = {
			isa = PBXFrameworksBuildPhase;
			buildActionMask = 2147483647;
			files = (
			);
			runOnlyForDeploymentPostprocessing = 0;
		};
/* End PBXFrameworksBuildPhase section */

/* Begin PBXGroup section */
		55B5EDF11C5DC43C00A7987B = {
			isa = PBXGroup;
			children = (
				55B5EDFC1C5DC43C00A7987B /* HealthKitTesting */,
				55B5EE141C5DC43C00A7987B /* HealthKitTestingTests */,
				55B5EE1F1C5DC43C00A7987B /* HealthKitTestingUITests */,
				55B5EDFB1C5DC43C00A7987B /* Products */,
			);
			sourceTree = "<group>";
		};
		55B5EDFB1C5DC43C00A7987B /* Products */ = {
			isa = PBXGroup;
			children = (
				55B5EDFA1C5DC43C00A7987B /* HealthKitTesting.app */,
				55B5EE111C5DC43C00A7987B /* HealthKitTestingTests.xctest */,
				55B5EE1C1C5DC43C00A7987B /* HealthKitTestingUITests.xctest */,
			);
			name = Products;
			sourceTree = "<group>";
		};
		55B5EDFC1C5DC43C00A7987B /* HealthKitTesting */ = {
			isa = PBXGroup;
			children = (
				55B5EDFD1C5DC43C00A7987B /* AppDelegate.swift */,
				55B5EDFF1C5DC43C00A7987B /* ViewController.swift */,
				55B5EE011C5DC43C00A7987B /* Main.storyboard */,
				55B5EE071C5DC43C00A7987B /* Assets.xcassets */,
				55B5EE091C5DC43C00A7987B /* LaunchScreen.storyboard */,
				55B5EE0C1C5DC43C00A7987B /* Info.plist */,
				55B5EE041C5DC43C00A7987B /* HealthKitTesting.xcdatamodeld */,
			);
			path = HealthKitTesting;
			sourceTree = "<group>";
		};
		55B5EE141C5DC43C00A7987B /* HealthKitTestingTests */ = {
			isa = PBXGroup;
			children = (
				55B5EE151C5DC43C00A7987B /* HealthKitTestingTests.swift */,
				55B5EE171C5DC43C00A7987B /* Info.plist */,
			);
			path = HealthKitTestingTests;
			sourceTree = "<group>";
		};
		55B5EE1F1C5DC43C00A7987B /* HealthKitTestingUITests */ = {
			isa = PBXGroup;
			children = (
				55B5EE201C5DC43C00A7987B /* HealthKitTestingUITests.swift */,
				55B5EE221C5DC43C00A7987B /* Info.plist */,
			);
			path = HealthKitTestingUITests;
			sourceTree = "<group>";
		};
/* End PBXGroup section */

/* Begin PBXNativeTarget section */
		55B5EDF91C5DC43C00A7987B /* HealthKitTesting */ = {
			isa = PBXNativeTarget;
			buildConfigurationList = 55B5EE251C5DC43C00A7987B /* Build configuration list for PBXNativeTarget "HealthKitTesting" */;
			buildPhases = (
				55B5EDF61C5DC43C00A7987B /* Sources */,
				55B5EDF71C5DC43C00A7987B /* Frameworks */,
				55B5EDF81C5DC43C00A7987B /* Resources */,
			);
			buildRules = (
			);
			dependencies = (
			);
			name = HealthKitTesting;
			productName = HealthKitTesting;
			productReference = 55B5EDFA1C5DC43C00A7987B /* HealthKitTesting.app */;
			productType = "com.apple.product-type.application";
		};
		55B5EE101C5DC43C00A7987B /* HealthKitTestingTests */ = {
			isa = PBXNativeTarget;
			buildConfigurationList = 55B5EE281C5DC43C00A7987B /* Build configuration list for PBXNativeTarget "HealthKitTestingTests" */;
			buildPhases = (
				55B5EE0D1C5DC43C00A7987B /* Sources */,
				55B5EE0E1C5DC43C00A7987B /* Frameworks */,
				55B5EE0F1C5DC43C00A7987B /* Resources */,
			);
			buildRules = (
			);
			dependencies = (
				55B5EE131C5DC43C00A7987B /* PBXTargetDependency */,
			);
			name = HealthKitTestingTests;
			productName = HealthKitTestingTests;
			productReference = 55B5EE111C5DC43C00A7987B /* HealthKitTestingTests.xctest */;
			productType = "com.apple.product-type.bundle.unit-test";
		};
		55B5EE1B1C5DC43C00A7987B /* HealthKitTestingUITests */ = {
			isa = PBXNativeTarget;
			buildConfigurationList = 55B5EE2B1C5DC43C00A7987B /* Build configuration list for PBXNativeTarget "HealthKitTestingUITests" */;
			buildPhases = (
				55B5EE181C5DC43C00A7987B /* Sources */,
				55B5EE191C5DC43C00A7987B /* Frameworks */,
				55B5EE1A1C5DC43C00A7987B /* Resources */,
			);
			buildRules = (
			);
			dependencies = (
				55B5EE1E1C5DC43C00A7987B /* PBXTargetDependency */,
			);
			name = HealthKitTestingUITests;
			productName = HealthKitTestingUITests;
			productReference = 55B5EE1C1C5DC43C00A7987B /* HealthKitTestingUITests.xctest */;
			productType = "com.apple.product-type.bundle.ui-testing";
		};
/* End PBXNativeTarget section */

/* Begin PBXProject section */
		55B5EDF21C5DC43C00A7987B /* Project object */ = {
			isa = PBXProject;
			attributes = {
				LastSwiftUpdateCheck = 0720;
				LastUpgradeCheck = 0720;
				ORGANIZATIONNAME = "Zachary Espiritu";
				TargetAttributes = {
					55B5EDF91C5DC43C00A7987B = {
						CreatedOnToolsVersion = 7.2;
					};
					55B5EE101C5DC43C00A7987B = {
						CreatedOnToolsVersion = 7.2;
						TestTargetID = 55B5EDF91C5DC43C00A7987B;
					};
					55B5EE1B1C5DC43C00A7987B = {
						CreatedOnToolsVersion = 7.2;
						TestTargetID = 55B5EDF91C5DC43C00A7987B;
					};
				};
			};
			buildConfigurationList = 55B5EDF51C5DC43C00A7987B /* Build configuration list for PBXProject "HealthKitTesting" */;
			compatibilityVersion = "Xcode 3.2";
			developmentRegion = English;
			hasScannedForEncodings = 0;
			knownRegions = (
				en,
				Base,
			);
			mainGroup = 55B5EDF11C5DC43C00A7987B;
			productRefGroup = 55B5EDFB1C5DC43C00A7987B /* Products */;
			projectDirPath = "";
			projectRoot = "";
			targets = (
				55B5EDF91C5DC43C00A7987B /* HealthKitTesting */,
				55B5EE101C5DC43C00A7987B /* HealthKitTestingTests */,
				55B5EE1B1C5DC43C00A7987B /* HealthKitTestingUITests */,
			);
		};
/* End PBXProject section */

/* Begin PBXResourcesBuildPhase section */
		55B5EDF81C5DC43C00A7987B /* Resources */ = {
			isa = PBXResourcesBuildPhase;
			buildActionMask = 2147483647;
			files = (
				55B5EE0B1C5DC43C00A7987B /* LaunchScreen.storyboard in Resources */,
				55B5EE081C5DC43C00A7987B /* Assets.xcassets in Resources */,
				55B5EE031C5DC43C00A7987B /* Main.storyboard in Resources */,
			);
			runOnlyForDeploymentPostprocessing = 0;
		};
		55B5EE0F1C5DC43C00A7987B /* Resources */ = {
			isa = PBXResourcesBuildPhase;
			buildActionMask = 2147483647;
			files = (
			);
			runOnlyForDeploymentPostprocessing = 0;
		};
		55B5EE1A1C5DC43C00A7987B /* Resources */ = {
			isa = PBXResourcesBuildPhase;
			buildActionMask = 2147483647;
			files = (
			);
			runOnlyForDeploymentPostprocessing = 0;
		};
/* End PBXResourcesBuildPhase section */

/* Begin PBXSourcesBuildPhase section */
		55B5EDF61C5DC43C00A7987B /* Sources */ = {
			isa = PBXSourcesBuildPhase;
			buildActionMask = 2147483647;
			files = (
				55B5EE061C5DC43C00A7987B /* HealthKitTesting.xcdatamodeld in Sources */,
				55B5EE001C5DC43C00A7987B /* ViewController.swift in Sources */,
				55B5EDFE1C5DC43C00A7987B /* AppDelegate.swift in Sources */,
			);
			runOnlyForDeploymentPostprocessing = 0;
		};
		55B5EE0D1C5DC43C00A7987B /* Sources */ = {
			isa = PBXSourcesBuildPhase;
			buildActionMask = 2147483647;
			files = (
				55B5EE161C5DC43C00A7987B /* HealthKitTestingTests.swift in Sources */,
			);
			runOnlyForDeploymentPostprocessing = 0;
		};
		55B5EE181C5DC43C00A7987B /* Sources */ = {
			isa = PBXSourcesBuildPhase;
			buildActionMask = 2147483647;
			files = (
				55B5EE211C5DC43C00A7987B /* HealthKitTestingUITests.swift in Sources */,
			);
			runOnlyForDeploymentPostprocessing = 0;
		};
/* End PBXSourcesBuildPhase section */

/* Begin PBXTargetDependency section */
		55B5EE131C5DC43C00A7987B /* PBXTargetDependency */ = {
			isa = PBXTargetDependency;
			target = 55B5EDF91C5DC43C00A7987B /* HealthKitTesting */;
			targetProxy = 55B5EE121C5DC43C00A7987B /* PBXContainerItemProxy */;
		};
		55B5EE1E1C5DC43C00A7987B /* PBXTargetDependency */ = {
			isa = PBXTargetDependency;
			target = 55B5EDF91C5DC43C00A7987B /* HealthKitTesting */;
			targetProxy = 55B5EE1D1C5DC43C00A7987B /* PBXContainerItemProxy */;
		};
/* End PBXTargetDependency section */

/* Begin PBXVariantGroup section */
		55B5EE011C5DC43C00A7987B /* Main.storyboard */ = {
			isa = PBXVariantGroup;
			children = (
				55B5EE021C5DC43C00A7987B /* Base */,
			);
			name = Main.storyboard;
			sourceTree = "<group>";
		};
		55B5EE091C5DC43C00A7987B /* LaunchScreen.storyboard */ = {
			isa = PBXVariantGroup;
			children = (
				55B5EE0A1C5DC43C00A7987B /* Base */,
			);
			name = LaunchScreen.storyboard;
			sourceTree = "<group>";
		};
/* End PBXVariantGroup section */

/* Begin XCBuildConfiguration section */
		55B5EE231C5DC43C00A7987B /* Debug */ = {
			isa = XCBuildConfiguration;
			buildSettings = {
				ALWAYS_SEARCH_USER_PATHS = NO;
				CLANG_CXX_LANGUAGE_STANDARD = "gnu++0x";
				CLANG_CXX_LIBRARY = "libc++";
				CLANG_ENABLE_MODULES = YES;
				CLANG_ENABLE_OBJC_ARC = YES;
				CLANG_WARN_BOOL_CONVERSION = YES;
				CLANG_WARN_CONSTANT_CONVERSION = YES;
				CLANG_WARN_DIRECT_OBJC_ISA_USAGE = YES_ERROR;
				CLANG_WARN_EMPTY_BODY = YES;
				CLANG_WARN_ENUM_CONVERSION = YES;
				CLANG_WARN_INT_CONVERSION = YES;
				CLANG_WARN_OBJC_ROOT_CLASS = YES_ERROR;
				CLANG_WARN_UNREACHABLE_CODE = YES;
				CLANG_WARN__DUPLICATE_METHOD_MATCH = YES;
				"CODE_SIGN_IDENTITY[sdk=iphoneos*]" = "iPhone Developer";
				COPY_PHASE_STRIP = NO;
				DEBUG_INFORMATION_FORMAT = dwarf;
				ENABLE_STRICT_OBJC_MSGSEND = YES;
				ENABLE_TESTABILITY = YES;
				GCC_C_LANGUAGE_STANDARD = gnu99;
				GCC_DYNAMIC_NO_PIC = NO;
				GCC_NO_COMMON_BLOCKS = YES;
				GCC_OPTIMIZATION_LEVEL = 0;
				GCC_PREPROCESSOR_DEFINITIONS = (
					"DEBUG=1",
					"$(inherited)",
				);
				GCC_WARN_64_TO_32_BIT_CONVERSION = YES;
				GCC_WARN_ABOUT_RETURN_TYPE = YES_ERROR;
				GCC_WARN_UNDECLARED_SELECTOR = YES;
				GCC_WARN_UNINITIALIZED_AUTOS = YES_AGGRESSIVE;
				GCC_WARN_UNUSED_FUNCTION = YES;
				GCC_WARN_UNUSED_VARIABLE = YES;
				IPHONEOS_DEPLOYMENT_TARGET = 9.2;
				MTL_ENABLE_DEBUG_INFO = YES;
				ONLY_ACTIVE_ARCH = YES;
				SDKROOT = iphoneos;
				SWIFT_OPTIMIZATION_LEVEL = "-Onone";
				TARGETED_DEVICE_FAMILY = "1,2";
			};
			name = Debug;
		};
		55B5EE241C5DC43C00A7987B /* Release */ = {
			isa = XCBuildConfiguration;
			buildSettings = {
				ALWAYS_SEARCH_USER_PATHS = NO;
				CLANG_CXX_LANGUAGE_STANDARD = "gnu++0x";
				CLANG_CXX_LIBRARY = "libc++";
				CLANG_ENABLE_MODULES = YES;
				CLANG_ENABLE_OBJC_ARC = YES;
				CLANG_WARN_BOOL_CONVERSION = YES;
				CLANG_WARN_CONSTANT_CONVERSION = YES;
				CLANG_WARN_DIRECT_OBJC_ISA_USAGE = YES_ERROR;
				CLANG_WARN_EMPTY_BODY = YES;
				CLANG_WARN_ENUM_CONVERSION = YES;
				CLANG_WARN_INT_CONVERSION = YES;
				CLANG_WARN_OBJC_ROOT_CLASS = YES_ERROR;
				CLANG_WARN_UNREACHABLE_CODE = YES;
				CLANG_WARN__DUPLICATE_METHOD_MATCH = YES;
				"CODE_SIGN_IDENTITY[sdk=iphoneos*]" = "iPhone Developer";
				COPY_PHASE_STRIP = NO;
				DEBUG_INFORMATION_FORMAT = "dwarf-with-dsym";
				ENABLE_NS_ASSERTIONS = NO;
				ENABLE_STRICT_OBJC_MSGSEND = YES;
				GCC_C_LANGUAGE_STANDARD = gnu99;
				GCC_NO_COMMON_BLOCKS = YES;
				GCC_WARN_64_TO_32_BIT_CONVERSION = YES;
				GCC_WARN_ABOUT_RETURN_TYPE = YES_ERROR;
				GCC_WARN_UNDECLARED_SELECTOR = YES;
				GCC_WARN_UNINITIALIZED_AUTOS = YES_AGGRESSIVE;
				GCC_WARN_UNUSED_FUNCTION = YES;
				GCC_WARN_UNUSED_VARIABLE = YES;
				IPHONEOS_DEPLOYMENT_TARGET = 9.2;
				MTL_ENABLE_DEBUG_INFO = NO;
				SDKROOT = iphoneos;
				TARGETED_DEVICE_FAMILY = "1,2";
				VALIDATE_PRODUCT = YES;
			};
			name = Release;
		};
		55B5EE261C5DC43C00A7987B /* Debug */ = {
			isa = XCBuildConfiguration;
			buildSettings = {
				ASSETCATALOG_COMPILER_APPICON_NAME = AppIcon;
				INFOPLIST_FILE = HealthKitTesting/Info.plist;
				LD_RUNPATH_SEARCH_PATHS = "$(inherited) @executable_path/Frameworks";
				PRODUCT_BUNDLE_IDENTIFIER = com.zacharyespiritu.HealthKitTesting;
				PRODUCT_NAME = "$(TARGET_NAME)";
			};
			name = Debug;
		};
		55B5EE271C5DC43C00A7987B /* Release */ = {
			isa = XCBuildConfiguration;
			buildSettings = {
				ASSETCATALOG_COMPILER_APPICON_NAME = AppIcon;
				INFOPLIST_FILE = HealthKitTesting/Info.plist;
				LD_RUNPATH_SEARCH_PATHS = "$(inherited) @executable_path/Frameworks";
				PRODUCT_BUNDLE_IDENTIFIER = com.zacharyespiritu.HealthKitTesting;
				PRODUCT_NAME = "$(TARGET_NAME)";
			};
			name = Release;
		};
		55B5EE291C5DC43C00A7987B /* Debug */ = {
			isa = XCBuildConfiguration;
			buildSettings = {
				BUNDLE_LOADER = "$(TEST_HOST)";
				INFOPLIST_FILE = HealthKitTestingTests/Info.plist;
				LD_RUNPATH_SEARCH_PATHS = "$(inherited) @executable_path/Frameworks @loader_path/Frameworks";
				PRODUCT_BUNDLE_IDENTIFIER = com.zacharyespiritu.HealthKitTestingTests;
				PRODUCT_NAME = "$(TARGET_NAME)";
				TEST_HOST = "$(BUILT_PRODUCTS_DIR)/HealthKitTesting.app/HealthKitTesting";
			};
			name = Debug;
		};
		55B5EE2A1C5DC43C00A7987B /* Release */ = {
			isa = XCBuildConfiguration;
			buildSettings = {
				BUNDLE_LOADER = "$(TEST_HOST)";
				INFOPLIST_FILE = HealthKitTestingTests/Info.plist;
				LD_RUNPATH_SEARCH_PATHS = "$(inherited) @executable_path/Frameworks @loader_path/Frameworks";
				PRODUCT_BUNDLE_IDENTIFIER = com.zacharyespiritu.HealthKitTestingTests;
				PRODUCT_NAME = "$(TARGET_NAME)";
				TEST_HOST = "$(BUILT_PRODUCTS_DIR)/HealthKitTesting.app/HealthKitTesting";
			};
			name = Release;
		};
		55B5EE2C1C5DC43C00A7987B /* Debug */ = {
			isa = XCBuildConfiguration;
			buildSettings = {
				INFOPLIST_FILE = HealthKitTestingUITests/Info.plist;
				LD_RUNPATH_SEARCH_PATHS = "$(inherited) @executable_path/Frameworks @loader_path/Frameworks";
				PRODUCT_BUNDLE_IDENTIFIER = com.zacharyespiritu.HealthKitTestingUITests;
				PRODUCT_NAME = "$(TARGET_NAME)";
				TEST_TARGET_NAME = HealthKitTesting;
				USES_XCTRUNNER = YES;
			};
			name = Debug;
		};
		55B5EE2D1C5DC43C00A7987B /* Release */ = {
			isa = XCBuildConfiguration;
			buildSettings = {
				INFOPLIST_FILE = HealthKitTestingUITests/Info.plist;
				LD_RUNPATH_SEARCH_PATHS = "$(inherited) @executable_path/Frameworks @loader_path/Frameworks";
				PRODUCT_BUNDLE_IDENTIFIER = com.zacharyespiritu.HealthKitTestingUITests;
				PRODUCT_NAME = "$(TARGET_NAME)";
				TEST_TARGET_NAME = HealthKitTesting;
				USES_XCTRUNNER = YES;
			};
			name = Release;
		};
/* End XCBuildConfiguration section */

/* Begin XCConfigurationList section */
		55B5EDF51C5DC43C00A7987B /* Build configuration list for PBXProject "HealthKitTesting" */ = {
			isa = XCConfigurationList;
			buildConfigurations = (
				55B5EE231C5DC43C00A7987B /* Debug */,
				55B5EE241C5DC43C00A7987B /* Release */,
			);
			defaultConfigurationIsVisible = 0;
			defaultConfigurationName = Release;
		};
		55B5EE251C5DC43C00A7987B /* Build configuration list for PBXNativeTarget "HealthKitTesting" */ = {
			isa = XCConfigurationList;
			buildConfigurations = (
				55B5EE261C5DC43C00A7987B /* Debug */,
				55B5EE271C5DC43C00A7987B /* Release */,
			);
			defaultConfigurationIsVisible = 0;
		};
		55B5EE281C5DC43C00A7987B /* Build configuration list for PBXNativeTarget "HealthKitTestingTests" */ = {
			isa = XCConfigurationList;
			buildConfigurations = (
				55B5EE291C5DC43C00A7987B /* Debug */,
				55B5EE2A1C5DC43C00A7987B /* Release */,
			);
			defaultConfigurationIsVisible = 0;
		};
		55B5EE2B1C5DC43C00A7987B /* Build configuration list for PBXNativeTarget "HealthKitTestingUITests" */ = {
			isa = XCConfigurationList;
			buildConfigurations = (
				55B5EE2C1C5DC43C00A7987B /* Debug */,
				55B5EE2D1C5DC43C00A7987B /* Release */,
			);
			defaultConfigurationIsVisible = 0;
		};
/* End XCConfigurationList section */

/* Begin XCVersionGroup section */
		55B5EE041C5DC43C00A7987B /* HealthKitTesting.xcdatamodeld */ = {
			isa = XCVersionGroup;
			children = (
				55B5EE051C5DC43C00A7987B /* HealthKitTesting.xcdatamodel */,
			);
			currentVersion = 55B5EE051C5DC43C00A7987B /* HealthKitTesting.xcdatamodel */;
			path = HealthKitTesting.xcdatamodeld;
			sourceTree = "<group>";
			versionGroupType = wrapper.xcdatamodel;
		};
/* End XCVersionGroup section */
	};
	rootObject = 55B5EDF21C5DC43C00A7987B /* Project object */;
}
